// !$*UTF8*$!
{
	archiveVersion = 1;
	classes = {
	};
	objectVersion = 50;
	objects = {

/* Begin PBXBuildFile section */
		C303CE20268A3FAE00FB2146 /* RecipeApp.swift in Sources */ = {isa = PBXBuildFile; fileRef = C303CE1F268A3FAE00FB2146 /* RecipeApp.swift */; };
		C303CE22268A3FAE00FB2146 /* RecipeListView.swift in Sources */ = {isa = PBXBuildFile; fileRef = C303CE21268A3FAE00FB2146 /* RecipeListView.swift */; };
		C303CE24268A3FB100FB2146 /* Assets.xcassets in Resources */ = {isa = PBXBuildFile; fileRef = C303CE23268A3FB100FB2146 /* Assets.xcassets */; };
		C303CE27268A3FB100FB2146 /* Preview Assets.xcassets in Resources */ = {isa = PBXBuildFile; fileRef = C303CE26268A3FB100FB2146 /* Preview Assets.xcassets */; };
		C303CE38268A4C8300FB2146 /* recipes.json in Resources */ = {isa = PBXBuildFile; fileRef = C303CE37268A4C8300FB2146 /* recipes.json */; };
		C303CE3A268A4D5D00FB2146 /* Recipe.swift in Sources */ = {isa = PBXBuildFile; fileRef = C303CE39268A4D5D00FB2146 /* Recipe.swift */; };
		C303CE3C268A4EB800FB2146 /* RecipeModel.swift in Sources */ = {isa = PBXBuildFile; fileRef = C303CE3B268A4EB800FB2146 /* RecipeModel.swift */; };
		C303CE3E268A500000FB2146 /* DataService.swift in Sources */ = {isa = PBXBuildFile; fileRef = C303CE3D268A500000FB2146 /* DataService.swift */; };
		C303CE40268B4E5800FB2146 /* RecipeDetailView.swift in Sources */ = {isa = PBXBuildFile; fileRef = C303CE3F268B4E5800FB2146 /* RecipeDetailView.swift */; };
/* End PBXBuildFile section */

/* Begin PBXFileReference section */
		C303CE1C268A3FAE00FB2146 /* RecipeApp.app */ = {isa = PBXFileReference; explicitFileType = wrapper.application; includeInIndex = 0; path = RecipeApp.app; sourceTree = BUILT_PRODUCTS_DIR; };
		C303CE1F268A3FAE00FB2146 /* RecipeApp.swift */ = {isa = PBXFileReference; lastKnownFileType = sourcecode.swift; path = RecipeApp.swift; sourceTree = "<group>"; };
		C303CE21268A3FAE00FB2146 /* RecipeListView.swift */ = {isa = PBXFileReference; lastKnownFileType = sourcecode.swift; path = RecipeListView.swift; sourceTree = "<group>"; };
		C303CE23268A3FB100FB2146 /* Assets.xcassets */ = {isa = PBXFileReference; lastKnownFileType = folder.assetcatalog; path = Assets.xcassets; sourceTree = "<group>"; };
		C303CE26268A3FB100FB2146 /* Preview Assets.xcassets */ = {isa = PBXFileReference; lastKnownFileType = folder.assetcatalog; path = "Preview Assets.xcassets"; sourceTree = "<group>"; };
		C303CE28268A3FB100FB2146 /* Info.plist */ = {isa = PBXFileReference; lastKnownFileType = text.plist.xml; path = Info.plist; sourceTree = "<group>"; };
		C303CE37268A4C8300FB2146 /* recipes.json */ = {isa = PBXFileReference; fileEncoding = 4; lastKnownFileType = text.json; path = recipes.json; sourceTree = "<group>"; };
		C303CE39268A4D5D00FB2146 /* Recipe.swift */ = {isa = PBXFileReference; lastKnownFileType = sourcecode.swift; path = Recipe.swift; sourceTree = "<group>"; };
		C303CE3B268A4EB800FB2146 /* RecipeModel.swift */ = {isa = PBXFileReference; lastKnownFileType = sourcecode.swift; path = RecipeModel.swift; sourceTree = "<group>"; };
		C303CE3D268A500000FB2146 /* DataService.swift */ = {isa = PBXFileReference; lastKnownFileType = sourcecode.swift; path = DataService.swift; sourceTree = "<group>"; };
		C303CE3F268B4E5800FB2146 /* RecipeDetailView.swift */ = {isa = PBXFileReference; lastKnownFileType = sourcecode.swift; path = RecipeDetailView.swift; sourceTree = "<group>"; };
/* End PBXFileReference section */

/* Begin PBXFrameworksBuildPhase section */
		C303CE19268A3FAE00FB2146 /* Frameworks */ = {
			isa = PBXFrameworksBuildPhase;
			buildActionMask = 2147483647;
			files = (
			);
			runOnlyForDeploymentPostprocessing = 0;
		};
/* End PBXFrameworksBuildPhase section */

/* Begin PBXGroup section */
		C303CE13268A3FAE00FB2146 = {
			isa = PBXGroup;
			children = (
				C303CE1E268A3FAE00FB2146 /* RecipeApp */,
				C303CE1D268A3FAE00FB2146 /* Products */,
			);
			sourceTree = "<group>";
		};
		C303CE1D268A3FAE00FB2146 /* Products */ = {
			isa = PBXGroup;
			children = (
				C303CE1C268A3FAE00FB2146 /* RecipeApp.app */,
			);
			name = Products;
			sourceTree = "<group>";
		};
		C303CE1E268A3FAE00FB2146 /* RecipeApp */ = {
			isa = PBXGroup;
			children = (
				C303CE2F268A4B8300FB2146 /* View */,
				C303CE30268A4B8B00FB2146 /* View Model */,
				C303CE2E268A4B7B00FB2146 /* Model */,
				C303CE34268A4BBB00FB2146 /* Services */,
				C303CE32268A4BA500FB2146 /* Data */,
				C303CE1F268A3FAE00FB2146 /* RecipeApp.swift */,
				C303CE23268A3FB100FB2146 /* Assets.xcassets */,
				C303CE28268A3FB100FB2146 /* Info.plist */,
				C303CE25268A3FB100FB2146 /* Preview Content */,
			);
			path = RecipeApp;
			sourceTree = "<group>";
		};
		C303CE25268A3FB100FB2146 /* Preview Content */ = {
			isa = PBXGroup;
			children = (
				C303CE26268A3FB100FB2146 /* Preview Assets.xcassets */,
			);
			path = "Preview Content";
			sourceTree = "<group>";
		};
		C303CE2E268A4B7B00FB2146 /* Model */ = {
			isa = PBXGroup;
			children = (
				C303CE39268A4D5D00FB2146 /* Recipe.swift */,
			);
			path = Model;
			sourceTree = "<group>";
		};
		C303CE2F268A4B8300FB2146 /* View */ = {
			isa = PBXGroup;
			children = (
				C303CE21268A3FAE00FB2146 /* RecipeListView.swift */,
				C303CE3F268B4E5800FB2146 /* RecipeDetailView.swift */,
			);
			path = View;
			sourceTree = "<group>";
		};
		C303CE30268A4B8B00FB2146 /* View Model */ = {
			isa = PBXGroup;
			children = (
				C303CE3B268A4EB800FB2146 /* RecipeModel.swift */,
			);
			path = "View Model";
			sourceTree = "<group>";
		};
		C303CE32268A4BA500FB2146 /* Data */ = {
			isa = PBXGroup;
			children = (
				C303CE37268A4C8300FB2146 /* recipes.json */,
			);
			path = Data;
			sourceTree = "<group>";
		};
		C303CE34268A4BBB00FB2146 /* Services */ = {
			isa = PBXGroup;
			children = (
				C303CE3D268A500000FB2146 /* DataService.swift */,
			);
			path = Services;
			sourceTree = "<group>";
		};
/* End PBXGroup section */

/* Begin PBXNativeTarget section */
		C303CE1B268A3FAE00FB2146 /* RecipeApp */ = {
			isa = PBXNativeTarget;
			buildConfigurationList = C303CE2B268A3FB100FB2146 /* Build configuration list for PBXNativeTarget "RecipeApp" */;
			buildPhases = (
				C303CE18268A3FAE00FB2146 /* Sources */,
				C303CE19268A3FAE00FB2146 /* Frameworks */,
				C303CE1A268A3FAE00FB2146 /* Resources */,
			);
			buildRules = (
			);
			dependencies = (
			);
			name = RecipeApp;
			productName = RecipeApp;
			productReference = C303CE1C268A3FAE00FB2146 /* RecipeApp.app */;
			productType = "com.apple.product-type.application";
		};
/* End PBXNativeTarget section */

/* Begin PBXProject section */
		C303CE14268A3FAE00FB2146 /* Project object */ = {
			isa = PBXProject;
			attributes = {
				LastSwiftUpdateCheck = 1250;
				LastUpgradeCheck = 1250;
				TargetAttributes = {
					C303CE1B268A3FAE00FB2146 = {
						CreatedOnToolsVersion = 12.5.1;
					};
				};
			};
			buildConfigurationList = C303CE17268A3FAE00FB2146 /* Build configuration list for PBXProject "RecipeApp" */;
			compatibilityVersion = "Xcode 9.3";
			developmentRegion = en;
			hasScannedForEncodings = 0;
			knownRegions = (
				en,
				Base,
			);
			mainGroup = C303CE13268A3FAE00FB2146;
			productRefGroup = C303CE1D268A3FAE00FB2146 /* Products */;
			projectDirPath = "";
			projectRoot = "";
			targets = (
				C303CE1B268A3FAE00FB2146 /* RecipeApp */,
			);
		};
/* End PBXProject section */

/* Begin PBXResourcesBuildPhase section */
		C303CE1A268A3FAE00FB2146 /* Resources */ = {
			isa = PBXResourcesBuildPhase;
			buildActionMask = 2147483647;
			files = (
				C303CE27268A3FB100FB2146 /* Preview Assets.xcassets in Resources */,
				C303CE24268A3FB100FB2146 /* Assets.xcassets in Resources */,
				C303CE38268A4C8300FB2146 /* recipes.json in Resources */,
			);
			runOnlyForDeploymentPostprocessing = 0;
		};
/* End PBXResourcesBuildPhase section */

/* Begin PBXSourcesBuildPhase section */
		C303CE18268A3FAE00FB2146 /* Sources */ = {
			isa = PBXSourcesBuildPhase;
			buildActionMask = 2147483647;
			files = (
				C303CE3A268A4D5D00FB2146 /* Recipe.swift in Sources */,
				C303CE40268B4E5800FB2146 /* RecipeDetailView.swift in Sources */,
				C303CE3C268A4EB800FB2146 /* RecipeModel.swift in Sources */,
				C303CE22268A3FAE00FB2146 /* RecipeListView.swift in Sources */,
				C303CE20268A3FAE00FB2146 /* RecipeApp.swift in Sources */,
				C303CE3E268A500000FB2146 /* DataService.swift in Sources */,
			);
			runOnlyForDeploymentPostprocessing = 0;
		};
/* End PBXSourcesBuildPhase section */

/* Begin XCBuildConfiguration section */
		C303CE29268A3FB100FB2146 /* Debug */ = {
			isa = XCBuildConfiguration;
			buildSettings = {
				ALWAYS_SEARCH_USER_PATHS = NO;
				CLANG_ANALYZER_NONNULL = YES;
				CLANG_ANALYZER_NUMBER_OBJECT_CONVERSION = YES_AGGRESSIVE;
				CLANG_CXX_LANGUAGE_STANDARD = "gnu++14";
				CLANG_CXX_LIBRARY = "libc++";
				CLANG_ENABLE_MODULES = YES;
				CLANG_ENABLE_OBJC_ARC = YES;
				CLANG_ENABLE_OBJC_WEAK = YES;
				CLANG_WARN_BLOCK_CAPTURE_AUTORELEASING = YES;
				CLANG_WARN_BOOL_CONVERSION = YES;
				CLANG_WARN_COMMA = YES;
				CLANG_WARN_CONSTANT_CONVERSION = YES;
				CLANG_WARN_DEPRECATED_OBJC_IMPLEMENTATIONS = YES;
				CLANG_WARN_DIRECT_OBJC_ISA_USAGE = YES_ERROR;
				CLANG_WARN_DOCUMENTATION_COMMENTS = YES;
				CLANG_WARN_EMPTY_BODY = YES;
				CLANG_WARN_ENUM_CONVERSION = YES;
				CLANG_WARN_INFINITE_RECURSION = YES;
				CLANG_WARN_INT_CONVERSION = YES;
				CLANG_WARN_NON_LITERAL_NULL_CONVERSION = YES;
				CLANG_WARN_OBJC_IMPLICIT_RETAIN_SELF = YES;
				CLANG_WARN_OBJC_LITERAL_CONVERSION = YES;
				CLANG_WARN_OBJC_ROOT_CLASS = YES_ERROR;
				CLANG_WARN_QUOTED_INCLUDE_IN_FRAMEWORK_HEADER = YES;
				CLANG_WARN_RANGE_LOOP_ANALYSIS = YES;
				CLANG_WARN_STRICT_PROTOTYPES = YES;
				CLANG_WARN_SUSPICIOUS_MOVE = YES;
				CLANG_WARN_UNGUARDED_AVAILABILITY = YES_AGGRESSIVE;
				CLANG_WARN_UNREACHABLE_CODE = YES;
				CLANG_WARN__DUPLICATE_METHOD_MATCH = YES;
				COPY_PHASE_STRIP = NO;
				DEBUG_INFORMATION_FORMAT = dwarf;
				ENABLE_STRICT_OBJC_MSGSEND = YES;
				ENABLE_TESTABILITY = YES;
				GCC_C_LANGUAGE_STANDARD = gnu11;
				GCC_DYNAMIC_NO_PIC = NO;
				GCC_NO_COMMON_BLOCKS = YES;
				GCC_OPTIMIZATION_LEVEL = 0;
				GCC_PREPROCESSOR_DEFINITIONS = (
					"DEBUG=1",
					"$(inherited)",
				);
				GCC_WARN_64_TO_32_BIT_CONVERSION = YES;
				GCC_WARN_ABOUT_RETURN_TYPE = YES_ERROR;
				GCC_WARN_UNDECLARED_SELECTOR = YES;
				GCC_WARN_UNINITIALIZED_AUTOS = YES_AGGRESSIVE;
				GCC_WARN_UNUSED_FUNCTION = YES;
				GCC_WARN_UNUSED_VARIABLE = YES;
				IPHONEOS_DEPLOYMENT_TARGET = 14.5;
				MTL_ENABLE_DEBUG_INFO = INCLUDE_SOURCE;
				MTL_FAST_MATH = YES;
				ONLY_ACTIVE_ARCH = YES;
				SDKROOT = iphoneos;
				SWIFT_ACTIVE_COMPILATION_CONDITIONS = DEBUG;
				SWIFT_OPTIMIZATION_LEVEL = "-Onone";
			};
			name = Debug;
		};
		C303CE2A268A3FB100FB2146 /* Release */ = {
			isa = XCBuildConfiguration;
			buildSettings = {
				ALWAYS_SEARCH_USER_PATHS = NO;
				CLANG_ANALYZER_NONNULL = YES;
				CLANG_ANALYZER_NUMBER_OBJECT_CONVERSION = YES_AGGRESSIVE;
				CLANG_CXX_LANGUAGE_STANDARD = "gnu++14";
				CLANG_CXX_LIBRARY = "libc++";
				CLANG_ENABLE_MODULES = YES;
				CLANG_ENABLE_OBJC_ARC = YES;
				CLANG_ENABLE_OBJC_WEAK = YES;
				CLANG_WARN_BLOCK_CAPTURE_AUTORELEASING = YES;
				CLANG_WARN_BOOL_CONVERSION = YES;
				CLANG_WARN_COMMA = YES;
				CLANG_WARN_CONSTANT_CONVERSION = YES;
				CLANG_WARN_DEPRECATED_OBJC_IMPLEMENTATIONS = YES;
				CLANG_WARN_DIRECT_OBJC_ISA_USAGE = YES_ERROR;
				CLANG_WARN_DOCUMENTATION_COMMENTS = YES;
				CLANG_WARN_EMPTY_BODY = YES;
				CLANG_WARN_ENUM_CONVERSION = YES;
				CLANG_WARN_INFINITE_RECURSION = YES;
				CLANG_WARN_INT_CONVERSION = YES;
				CLANG_WARN_NON_LITERAL_NULL_CONVERSION = YES;
				CLANG_WARN_OBJC_IMPLICIT_RETAIN_SELF = YES;
				CLANG_WARN_OBJC_LITERAL_CONVERSION = YES;
				CLANG_WARN_OBJC_ROOT_CLASS = YES_ERROR;
				CLANG_WARN_QUOTED_INCLUDE_IN_FRAMEWORK_HEADER = YES;
				CLANG_WARN_RANGE_LOOP_ANALYSIS = YES;
				CLANG_WARN_STRICT_PROTOTYPES = YES;
				CLANG_WARN_SUSPICIOUS_MOVE = YES;
				CLANG_WARN_UNGUARDED_AVAILABILITY = YES_AGGRESSIVE;
				CLANG_WARN_UNREACHABLE_CODE = YES;
				CLANG_WARN__DUPLICATE_METHOD_MATCH = YES;
				COPY_PHASE_STRIP = NO;
				DEBUG_INFORMATION_FORMAT = "dwarf-with-dsym";
				ENABLE_NS_ASSERTIONS = NO;
				ENABLE_STRICT_OBJC_MSGSEND = YES;
				GCC_C_LANGUAGE_STANDARD = gnu11;
				GCC_NO_COMMON_BLOCKS = YES;
				GCC_WARN_64_TO_32_BIT_CONVERSION = YES;
				GCC_WARN_ABOUT_RETURN_TYPE = YES_ERROR;
				GCC_WARN_UNDECLARED_SELECTOR = YES;
				GCC_WARN_UNINITIALIZED_AUTOS = YES_AGGRESSIVE;
				GCC_WARN_UNUSED_FUNCTION = YES;
				GCC_WARN_UNUSED_VARIABLE = YES;
				IPHONEOS_DEPLOYMENT_TARGET = 14.5;
				MTL_ENABLE_DEBUG_INFO = NO;
				MTL_FAST_MATH = YES;
				SDKROOT = iphoneos;
				SWIFT_COMPILATION_MODE = wholemodule;
				SWIFT_OPTIMIZATION_LEVEL = "-O";
				VALIDATE_PRODUCT = YES;
			};
			name = Release;
		};
		C303CE2C268A3FB100FB2146 /* Debug */ = {
			isa = XCBuildConfiguration;
			buildSettings = {
				ASSETCATALOG_COMPILER_APPICON_NAME = AppIcon;
				ASSETCATALOG_COMPILER_GLOBAL_ACCENT_COLOR_NAME = AccentColor;
				CODE_SIGN_STYLE = Automatic;
				DEVELOPMENT_ASSET_PATHS = "\"RecipeApp/Preview Content\"";
				DEVELOPMENT_TEAM = PT8MR25M5P;
				ENABLE_PREVIEWS = YES;
				INFOPLIST_FILE = RecipeApp/Info.plist;
				IPHONEOS_DEPLOYMENT_TARGET = 14.0;
				LD_RUNPATH_SEARCH_PATHS = (
					"$(inherited)",
					"@executable_path/Frameworks",
				);
				PRODUCT_BUNDLE_IDENTIFIER = DMAN.RecipeApp;
				PRODUCT_NAME = "$(TARGET_NAME)";
				SWIFT_VERSION = 5.0;
				TARGETED_DEVICE_FAMILY = "1,2";
			};
			name = Debug;
		};
		C303CE2D268A3FB100FB2146 /* Release */ = {
			isa = XCBuildConfiguration;
			buildSettings = {
				ASSETCATALOG_COMPILER_APPICON_NAME = AppIcon;
				ASSETCATALOG_COMPILER_GLOBAL_ACCENT_COLOR_NAME = AccentColor;
				CODE_SIGN_STYLE = Automatic;
				DEVELOPMENT_ASSET_PATHS = "\"RecipeApp/Preview Content\"";
				DEVELOPMENT_TEAM = PT8MR25M5P;
				ENABLE_PREVIEWS = YES;
				INFOPLIST_FILE = RecipeApp/Info.plist;
				IPHONEOS_DEPLOYMENT_TARGET = 14.0;
				LD_RUNPATH_SEARCH_PATHS = (
					"$(inherited)",
					"@executable_path/Frameworks",
				);
				PRODUCT_BUNDLE_IDENTIFIER = DMAN.RecipeApp;
				PRODUCT_NAME = "$(TARGET_NAME)";
				SWIFT_VERSION = 5.0;
				TARGETED_DEVICE_FAMILY = "1,2";
			};
			name = Release;
		};
/* End XCBuildConfiguration section */

/* Begin XCConfigurationList section */
		C303CE17268A3FAE00FB2146 /* Build configuration list for PBXProject "RecipeApp" */ = {
			isa = XCConfigurationList;
			buildConfigurations = (
				C303CE29268A3FB100FB2146 /* Debug */,
				C303CE2A268A3FB100FB2146 /* Release */,
			);
			defaultConfigurationIsVisible = 0;
			defaultConfigurationName = Release;
		};
		C303CE2B268A3FB100FB2146 /* Build configuration list for PBXNativeTarget "RecipeApp" */ = {
			isa = XCConfigurationList;
			buildConfigurations = (
				C303CE2C268A3FB100FB2146 /* Debug */,
				C303CE2D268A3FB100FB2146 /* Release */,
			);
			defaultConfigurationIsVisible = 0;
			defaultConfigurationName = Release;
		};
/* End XCConfigurationList section */
	};
	rootObject = C303CE14268A3FAE00FB2146 /* Project object */;
}
